speakeasyVersion: 1.390.1
sources:
    opal-terraform-provider:
        sourceNamespace: opal-terraform-provider
        sourceRevisionDigest: sha256:88bcb71de67c734400ace411e6771bf9c58b09abf599295d5178f042a728f163
        sourceBlobDigest: sha256:361a372eeb56f5c58a590f59c8f81e3a80eb71773037e8ca715674633b6a312a
        tags:
            - latest
            - main
targets:
    terraform:
        source: opal-terraform-provider
        sourceNamespace: opal-terraform-provider
        sourceRevisionDigest: sha256:88bcb71de67c734400ace411e6771bf9c58b09abf599295d5178f042a728f163
        sourceBlobDigest: sha256:361a372eeb56f5c58a590f59c8f81e3a80eb71773037e8ca715674633b6a312a
        outLocation: .
workflow:
    workflowVersion: 1.0.0
    speakeasyVersion: latest
    sources:
        opal-terraform-provider:
            inputs:
                - location: https://app.opal.dev/openapi.yaml
            overlays:
                - location: terraform_overlay.yaml
            output: openapi.yaml
            registry:
                location: registry.speakeasyapi.dev/opal/opal/opal-terraform-provider
    targets:
        terraform:
            target: terraform
            source: opal-terraform-provider
            output: .
